// !$*UTF8*$!
{
	archiveVersion = 1;
	classes = {
	};
	objectVersion = 46;
	objects = {

/* Begin PBXBuildFile section */
		CB0EF1CE1E2D9EB400BE33AD /* AppDelegate.swift in Sources */ = {isa = PBXBuildFile; fileRef = CB0EF1CD1E2D9EB400BE33AD /* AppDelegate.swift */; };
		CB0EF1D51E2D9EB400BE33AD /* Assets.xcassets in Resources */ = {isa = PBXBuildFile; fileRef = CB0EF1D41E2D9EB400BE33AD /* Assets.xcassets */; };
		CB0EF1D81E2D9EB400BE33AD /* LaunchScreen.storyboard in Resources */ = {isa = PBXBuildFile; fileRef = CB0EF1D61E2D9EB400BE33AD /* LaunchScreen.storyboard */; };
		CB0EF1E31E2D9EB400BE33AD /* MuzicTests.swift in Sources */ = {isa = PBXBuildFile; fileRef = CB0EF1E21E2D9EB400BE33AD /* MuzicTests.swift */; };
		CB0EF1EE1E2D9EB400BE33AD /* MuzicUITests.swift in Sources */ = {isa = PBXBuildFile; fileRef = CB0EF1ED1E2D9EB400BE33AD /* MuzicUITests.swift */; };
		CB0EF1FC1E2E91B900BE33AD /* TabBarViewController.swift in Sources */ = {isa = PBXBuildFile; fileRef = CB0EF1FB1E2E91B900BE33AD /* TabBarViewController.swift */; };
		CB0EF2031E2E98E800BE33AD /* SearchViewController.swift in Sources */ = {isa = PBXBuildFile; fileRef = CB0EF2021E2E98E800BE33AD /* SearchViewController.swift */; };
		CB0EF20D1E2F018D00BE33AD /* ApiService.swift in Sources */ = {isa = PBXBuildFile; fileRef = CB0EF20C1E2F018D00BE33AD /* ApiService.swift */; };
		CB0EF20F1E2F084300BE33AD /* SuggestCell.swift in Sources */ = {isa = PBXBuildFile; fileRef = CB0EF20E1E2F084300BE33AD /* SuggestCell.swift */; };
		CB0EF2111E2F0D0000BE33AD /* Constants.swift in Sources */ = {isa = PBXBuildFile; fileRef = CB0EF2101E2F0D0000BE33AD /* Constants.swift */; };
		CB0EF2171E2F52B300BE33AD /* VideoCell.swift in Sources */ = {isa = PBXBuildFile; fileRef = CB0EF2161E2F52B300BE33AD /* VideoCell.swift */; };
		CB0EF2191E32BB6D00BE33AD /* DownloadVC.swift in Sources */ = {isa = PBXBuildFile; fileRef = CB0EF2181E32BB6D00BE33AD /* DownloadVC.swift */; };
		CB0EF21F1E331FB600BE33AD /* FileCell.swift in Sources */ = {isa = PBXBuildFile; fileRef = CB0EF21E1E331FB600BE33AD /* FileCell.swift */; };
		CB0EF2251E3696A400BE33AD /* DirVC.swift in Sources */ = {isa = PBXBuildFile; fileRef = CB0EF2241E3696A400BE33AD /* DirVC.swift */; };
		CB0EF2271E36ABFC00BE33AD /* PlaylistCell.swift in Sources */ = {isa = PBXBuildFile; fileRef = CB0EF2261E36ABFC00BE33AD /* PlaylistCell.swift */; };
		CB0EF22D1E36E3AF00BE33AD /* MediaListVC.swift in Sources */ = {isa = PBXBuildFile; fileRef = CB0EF22C1E36E3AF00BE33AD /* MediaListVC.swift */; };
		CB0EF22F1E39C0EE00BE33AD /* PlayerController.swift in Sources */ = {isa = PBXBuildFile; fileRef = CB0EF22E1E39C0EE00BE33AD /* PlayerController.swift */; };
		CB2CDE251E598C7D005FA558 /* NotificationCenter.framework in Frameworks */ = {isa = PBXBuildFile; fileRef = CB2CDE241E598C7D005FA558 /* NotificationCenter.framework */; };
		CB2CDE281E598C7D005FA558 /* TodayViewController.swift in Sources */ = {isa = PBXBuildFile; fileRef = CB2CDE271E598C7D005FA558 /* TodayViewController.swift */; };
		CB2CDE2B1E598C7D005FA558 /* MainInterface.storyboard in Resources */ = {isa = PBXBuildFile; fileRef = CB2CDE291E598C7D005FA558 /* MainInterface.storyboard */; };
		CB2CDE2F1E598C7D005FA558 /* Muzic Widget.appex in Embed App Extensions */ = {isa = PBXBuildFile; fileRef = CB2CDE221E598C7D005FA558 /* Muzic Widget.appex */; settings = {ATTRIBUTES = (RemoveHeadersOnCopy, ); }; };
		CB2CDE361E599362005FA558 /* Assets.xcassets in Resources */ = {isa = PBXBuildFile; fileRef = CB0EF1D41E2D9EB400BE33AD /* Assets.xcassets */; };
		CB2CDE3A1E5994E5005FA558 /* FavoriteCell.swift in Sources */ = {isa = PBXBuildFile; fileRef = CB2CDE391E5994E5005FA558 /* FavoriteCell.swift */; };
		CB2CDE731E5B930F005FA558 /* FavoriteVC.swift in Sources */ = {isa = PBXBuildFile; fileRef = CB2CDE721E5B930F005FA558 /* FavoriteVC.swift */; };
		CB2CDE751E5BCDD2005FA558 /* MuzicFramework.framework in Frameworks */ = {isa = PBXBuildFile; fileRef = CB2CDE691E5B8425005FA558 /* MuzicFramework.framework */; };
		CB2CDE791E5BD0B8005FA558 /* MuzicFramework.framework in Frameworks */ = {isa = PBXBuildFile; fileRef = CB2CDE691E5B8425005FA558 /* MuzicFramework.framework */; };
		CB2CDE7A1E5BD0B8005FA558 /* MuzicFramework.framework in Embed Frameworks */ = {isa = PBXBuildFile; fileRef = CB2CDE691E5B8425005FA558 /* MuzicFramework.framework */; settings = {ATTRIBUTES = (CodeSignOnCopy, RemoveHeadersOnCopy, ); }; };
		CB4521F11E441A15004ED96B /* CustomAVPlayerVC.swift in Sources */ = {isa = PBXBuildFile; fileRef = CB4521F01E441A15004ED96B /* CustomAVPlayerVC.swift */; };
		CB64E9411E44631300328290 /* CustomTableVC.swift in Sources */ = {isa = PBXBuildFile; fileRef = CB64E9401E44631300328290 /* CustomTableVC.swift */; };
		CBAB4CC51E3FAC6F00455729 /* PlaylistModalVC.swift in Sources */ = {isa = PBXBuildFile; fileRef = CBAB4CC41E3FAC6F00455729 /* PlaylistModalVC.swift */; };
/* End PBXBuildFile section */

/* Begin PBXContainerItemProxy section */
		CB0EF1DF1E2D9EB400BE33AD /* PBXContainerItemProxy */ = {
			isa = PBXContainerItemProxy;
			containerPortal = CB0EF1C21E2D9EB400BE33AD /* Project object */;
			proxyType = 1;
			remoteGlobalIDString = CB0EF1C91E2D9EB400BE33AD;
			remoteInfo = Muzic;
		};
		CB0EF1EA1E2D9EB400BE33AD /* PBXContainerItemProxy */ = {
			isa = PBXContainerItemProxy;
			containerPortal = CB0EF1C21E2D9EB400BE33AD /* Project object */;
			proxyType = 1;
			remoteGlobalIDString = CB0EF1C91E2D9EB400BE33AD;
			remoteInfo = Muzic;
		};
		CB2CDE2D1E598C7D005FA558 /* PBXContainerItemProxy */ = {
			isa = PBXContainerItemProxy;
			containerPortal = CB0EF1C21E2D9EB400BE33AD /* Project object */;
			proxyType = 1;
			remoteGlobalIDString = CB2CDE211E598C7D005FA558;
			remoteInfo = "Muzic Widget";
		};
		CB2CDE681E5B8425005FA558 /* PBXContainerItemProxy */ = {
			isa = PBXContainerItemProxy;
			containerPortal = CB2CDE631E5B8424005FA558 /* MuzicFramework.xcodeproj */;
			proxyType = 2;
			remoteGlobalIDString = CB2CDE491E5B8424005FA558;
			remoteInfo = MuzicFramework;
		};
		CB2CDE6A1E5B8425005FA558 /* PBXContainerItemProxy */ = {
			isa = PBXContainerItemProxy;
			containerPortal = CB2CDE631E5B8424005FA558 /* MuzicFramework.xcodeproj */;
			proxyType = 2;
			remoteGlobalIDString = CB2CDE521E5B8424005FA558;
			remoteInfo = MuzicFrameworkTests;
		};
		CB2CDE7B1E5BD0B8005FA558 /* PBXContainerItemProxy */ = {
			isa = PBXContainerItemProxy;
			containerPortal = CB2CDE631E5B8424005FA558 /* MuzicFramework.xcodeproj */;
			proxyType = 1;
			remoteGlobalIDString = CB2CDE481E5B8424005FA558;
			remoteInfo = MuzicFramework;
		};
/* End PBXContainerItemProxy section */

/* Begin PBXCopyFilesBuildPhase section */
		CB2CDE331E598C7D005FA558 /* Embed App Extensions */ = {
			isa = PBXCopyFilesBuildPhase;
			buildActionMask = 2147483647;
			dstPath = "";
			dstSubfolderSpec = 13;
			files = (
				CB2CDE2F1E598C7D005FA558 /* Muzic Widget.appex in Embed App Extensions */,
			);
			name = "Embed App Extensions";
			runOnlyForDeploymentPostprocessing = 0;
		};
		CB2CDE7D1E5BD0B8005FA558 /* Embed Frameworks */ = {
			isa = PBXCopyFilesBuildPhase;
			buildActionMask = 2147483647;
			dstPath = "";
			dstSubfolderSpec = 10;
			files = (
				CB2CDE7A1E5BD0B8005FA558 /* MuzicFramework.framework in Embed Frameworks */,
			);
			name = "Embed Frameworks";
			runOnlyForDeploymentPostprocessing = 0;
		};
/* End PBXCopyFilesBuildPhase section */

/* Begin PBXFileReference section */
		CB0EF1CA1E2D9EB400BE33AD /* Muzic.app */ = {isa = PBXFileReference; explicitFileType = wrapper.application; includeInIndex = 0; path = Muzic.app; sourceTree = BUILT_PRODUCTS_DIR; };
		CB0EF1CD1E2D9EB400BE33AD /* AppDelegate.swift */ = {isa = PBXFileReference; lastKnownFileType = sourcecode.swift; path = AppDelegate.swift; sourceTree = "<group>"; };
		CB0EF1D41E2D9EB400BE33AD /* Assets.xcassets */ = {isa = PBXFileReference; lastKnownFileType = folder.assetcatalog; path = Assets.xcassets; sourceTree = "<group>"; };
		CB0EF1D71E2D9EB400BE33AD /* Base */ = {isa = PBXFileReference; lastKnownFileType = file.storyboard; name = Base; path = Base.lproj/LaunchScreen.storyboard; sourceTree = "<group>"; };
		CB0EF1D91E2D9EB400BE33AD /* Info.plist */ = {isa = PBXFileReference; lastKnownFileType = text.plist.xml; path = Info.plist; sourceTree = "<group>"; };
		CB0EF1DE1E2D9EB400BE33AD /* MuzicTests.xctest */ = {isa = PBXFileReference; explicitFileType = wrapper.cfbundle; includeInIndex = 0; path = MuzicTests.xctest; sourceTree = BUILT_PRODUCTS_DIR; };
		CB0EF1E21E2D9EB400BE33AD /* MuzicTests.swift */ = {isa = PBXFileReference; lastKnownFileType = sourcecode.swift; path = MuzicTests.swift; sourceTree = "<group>"; };
		CB0EF1E41E2D9EB400BE33AD /* Info.plist */ = {isa = PBXFileReference; lastKnownFileType = text.plist.xml; path = Info.plist; sourceTree = "<group>"; };
		CB0EF1E91E2D9EB400BE33AD /* MuzicUITests.xctest */ = {isa = PBXFileReference; explicitFileType = wrapper.cfbundle; includeInIndex = 0; path = MuzicUITests.xctest; sourceTree = BUILT_PRODUCTS_DIR; };
		CB0EF1ED1E2D9EB400BE33AD /* MuzicUITests.swift */ = {isa = PBXFileReference; lastKnownFileType = sourcecode.swift; path = MuzicUITests.swift; sourceTree = "<group>"; };
		CB0EF1EF1E2D9EB400BE33AD /* Info.plist */ = {isa = PBXFileReference; lastKnownFileType = text.plist.xml; path = Info.plist; sourceTree = "<group>"; };
		CB0EF1FB1E2E91B900BE33AD /* TabBarViewController.swift */ = {isa = PBXFileReference; fileEncoding = 4; lastKnownFileType = sourcecode.swift; path = TabBarViewController.swift; sourceTree = "<group>"; };
		CB0EF2021E2E98E800BE33AD /* SearchViewController.swift */ = {isa = PBXFileReference; fileEncoding = 4; lastKnownFileType = sourcecode.swift; path = SearchViewController.swift; sourceTree = "<group>"; };
		CB0EF20C1E2F018D00BE33AD /* ApiService.swift */ = {isa = PBXFileReference; fileEncoding = 4; lastKnownFileType = sourcecode.swift; path = ApiService.swift; sourceTree = "<group>"; };
		CB0EF20E1E2F084300BE33AD /* SuggestCell.swift */ = {isa = PBXFileReference; fileEncoding = 4; lastKnownFileType = sourcecode.swift; path = SuggestCell.swift; sourceTree = "<group>"; };
		CB0EF2101E2F0D0000BE33AD /* Constants.swift */ = {isa = PBXFileReference; fileEncoding = 4; lastKnownFileType = sourcecode.swift; path = Constants.swift; sourceTree = "<group>"; };
		CB0EF2161E2F52B300BE33AD /* VideoCell.swift */ = {isa = PBXFileReference; fileEncoding = 4; lastKnownFileType = sourcecode.swift; path = VideoCell.swift; sourceTree = "<group>"; };
		CB0EF2181E32BB6D00BE33AD /* DownloadVC.swift */ = {isa = PBXFileReference; fileEncoding = 4; lastKnownFileType = sourcecode.swift; path = DownloadVC.swift; sourceTree = "<group>"; };
		CB0EF21E1E331FB600BE33AD /* FileCell.swift */ = {isa = PBXFileReference; fileEncoding = 4; lastKnownFileType = sourcecode.swift; path = FileCell.swift; sourceTree = "<group>"; };
		CB0EF2241E3696A400BE33AD /* DirVC.swift */ = {isa = PBXFileReference; fileEncoding = 4; lastKnownFileType = sourcecode.swift; path = DirVC.swift; sourceTree = "<group>"; };
		CB0EF2261E36ABFC00BE33AD /* PlaylistCell.swift */ = {isa = PBXFileReference; fileEncoding = 4; lastKnownFileType = sourcecode.swift; path = PlaylistCell.swift; sourceTree = "<group>"; };
		CB0EF22C1E36E3AF00BE33AD /* MediaListVC.swift */ = {isa = PBXFileReference; fileEncoding = 4; lastKnownFileType = sourcecode.swift; path = MediaListVC.swift; sourceTree = "<group>"; };
		CB0EF22E1E39C0EE00BE33AD /* PlayerController.swift */ = {isa = PBXFileReference; fileEncoding = 4; lastKnownFileType = sourcecode.swift; path = PlayerController.swift; sourceTree = "<group>"; };
		CB2CDE221E598C7D005FA558 /* Muzic Widget.appex */ = {isa = PBXFileReference; explicitFileType = "wrapper.app-extension"; includeInIndex = 0; path = "Muzic Widget.appex"; sourceTree = BUILT_PRODUCTS_DIR; };
		CB2CDE241E598C7D005FA558 /* NotificationCenter.framework */ = {isa = PBXFileReference; lastKnownFileType = wrapper.framework; name = NotificationCenter.framework; path = System/Library/Frameworks/NotificationCenter.framework; sourceTree = SDKROOT; };
		CB2CDE271E598C7D005FA558 /* TodayViewController.swift */ = {isa = PBXFileReference; lastKnownFileType = sourcecode.swift; path = TodayViewController.swift; sourceTree = "<group>"; };
		CB2CDE2A1E598C7D005FA558 /* Base */ = {isa = PBXFileReference; lastKnownFileType = file.storyboard; name = Base; path = Base.lproj/MainInterface.storyboard; sourceTree = "<group>"; };
		CB2CDE2C1E598C7D005FA558 /* Info.plist */ = {isa = PBXFileReference; lastKnownFileType = text.plist.xml; path = Info.plist; sourceTree = "<group>"; };
		CB2CDE341E5992F6005FA558 /* Muzic.entitlements */ = {isa = PBXFileReference; lastKnownFileType = text.plist.entitlements; path = Muzic.entitlements; sourceTree = "<group>"; };
		CB2CDE351E599306005FA558 /* Muzic Widget.entitlements */ = {isa = PBXFileReference; lastKnownFileType = text.plist.entitlements; path = "Muzic Widget.entitlements"; sourceTree = "<group>"; };
		CB2CDE391E5994E5005FA558 /* FavoriteCell.swift */ = {isa = PBXFileReference; fileEncoding = 4; lastKnownFileType = sourcecode.swift; path = FavoriteCell.swift; sourceTree = "<group>"; };
		CB2CDE631E5B8424005FA558 /* MuzicFramework.xcodeproj */ = {isa = PBXFileReference; lastKnownFileType = "wrapper.pb-project"; name = MuzicFramework.xcodeproj; path = MuzicFramework/MuzicFramework.xcodeproj; sourceTree = "<group>"; };
		CB2CDE721E5B930F005FA558 /* FavoriteVC.swift */ = {isa = PBXFileReference; fileEncoding = 4; lastKnownFileType = sourcecode.swift; path = FavoriteVC.swift; sourceTree = "<group>"; };
		CB4521F01E441A15004ED96B /* CustomAVPlayerVC.swift */ = {isa = PBXFileReference; fileEncoding = 4; lastKnownFileType = sourcecode.swift; path = CustomAVPlayerVC.swift; sourceTree = "<group>"; };
		CB64E9401E44631300328290 /* CustomTableVC.swift */ = {isa = PBXFileReference; fileEncoding = 4; lastKnownFileType = sourcecode.swift; path = CustomTableVC.swift; sourceTree = "<group>"; };
		CBAB4CC41E3FAC6F00455729 /* PlaylistModalVC.swift */ = {isa = PBXFileReference; fileEncoding = 4; lastKnownFileType = sourcecode.swift; path = PlaylistModalVC.swift; sourceTree = "<group>"; };
/* End PBXFileReference section */

/* Begin PBXFrameworksBuildPhase section */
		CB0EF1C71E2D9EB400BE33AD /* Frameworks */ = {
			isa = PBXFrameworksBuildPhase;
			buildActionMask = 2147483647;
			files = (
				CB2CDE791E5BD0B8005FA558 /* MuzicFramework.framework in Frameworks */,
			);
			runOnlyForDeploymentPostprocessing = 0;
		};
		CB0EF1DB1E2D9EB400BE33AD /* Frameworks */ = {
			isa = PBXFrameworksBuildPhase;
			buildActionMask = 2147483647;
			files = (
			);
			runOnlyForDeploymentPostprocessing = 0;
		};
		CB0EF1E61E2D9EB400BE33AD /* Frameworks */ = {
			isa = PBXFrameworksBuildPhase;
			buildActionMask = 2147483647;
			files = (
			);
			runOnlyForDeploymentPostprocessing = 0;
		};
		CB2CDE1F1E598C7D005FA558 /* Frameworks */ = {
			isa = PBXFrameworksBuildPhase;
			buildActionMask = 2147483647;
			files = (
				CB2CDE751E5BCDD2005FA558 /* MuzicFramework.framework in Frameworks */,
				CB2CDE251E598C7D005FA558 /* NotificationCenter.framework in Frameworks */,
			);
			runOnlyForDeploymentPostprocessing = 0;
		};
/* End PBXFrameworksBuildPhase section */

/* Begin PBXGroup section */
		CB0EF1C11E2D9EB400BE33AD = {
			isa = PBXGroup;
			children = (
				CB2CDE631E5B8424005FA558 /* MuzicFramework.xcodeproj */,
				CB0EF1CC1E2D9EB400BE33AD /* Muzic */,
				CB0EF1E11E2D9EB400BE33AD /* MuzicTests */,
				CB0EF1EC1E2D9EB400BE33AD /* MuzicUITests */,
				CB2CDE261E598C7D005FA558 /* Muzic Widget */,
				CB2CDE231E598C7D005FA558 /* Frameworks */,
				CB0EF1CB1E2D9EB400BE33AD /* Products */,
			);
			sourceTree = "<group>";
		};
		CB0EF1CB1E2D9EB400BE33AD /* Products */ = {
			isa = PBXGroup;
			children = (
				CB0EF1CA1E2D9EB400BE33AD /* Muzic.app */,
				CB0EF1DE1E2D9EB400BE33AD /* MuzicTests.xctest */,
				CB0EF1E91E2D9EB400BE33AD /* MuzicUITests.xctest */,
				CB2CDE221E598C7D005FA558 /* Muzic Widget.appex */,
			);
			name = Products;
			sourceTree = "<group>";
		};
		CB0EF1CC1E2D9EB400BE33AD /* Muzic */ = {
			isa = PBXGroup;
			children = (
				CB2CDE341E5992F6005FA558 /* Muzic.entitlements */,
				CB0EF2011E2E97A800BE33AD /* Resources */,
				CB0EF2001E2E979F00BE33AD /* Utilities */,
				CB0EF1FF1E2E979600BE33AD /* Controller */,
				CB0EF1FD1E2E978900BE33AD /* View */,
			);
			path = Muzic;
			sourceTree = "<group>";
		};
		CB0EF1E11E2D9EB400BE33AD /* MuzicTests */ = {
			isa = PBXGroup;
			children = (
				CB0EF1E21E2D9EB400BE33AD /* MuzicTests.swift */,
				CB0EF1E41E2D9EB400BE33AD /* Info.plist */,
			);
			path = MuzicTests;
			sourceTree = "<group>";
		};
		CB0EF1EC1E2D9EB400BE33AD /* MuzicUITests */ = {
			isa = PBXGroup;
			children = (
				CB0EF1ED1E2D9EB400BE33AD /* MuzicUITests.swift */,
				CB0EF1EF1E2D9EB400BE33AD /* Info.plist */,
			);
			path = MuzicUITests;
			sourceTree = "<group>";
		};
		CB0EF1FD1E2E978900BE33AD /* View */ = {
			isa = PBXGroup;
			children = (
				CB0EF1D61E2D9EB400BE33AD /* LaunchScreen.storyboard */,
				CB0EF20E1E2F084300BE33AD /* SuggestCell.swift */,
				CB0EF2161E2F52B300BE33AD /* VideoCell.swift */,
				CB0EF21E1E331FB600BE33AD /* FileCell.swift */,
				CB0EF2261E36ABFC00BE33AD /* PlaylistCell.swift */,
			);
			name = View;
			sourceTree = "<group>";
		};
		CB0EF1FF1E2E979600BE33AD /* Controller */ = {
			isa = PBXGroup;
			children = (
				CB0EF1FB1E2E91B900BE33AD /* TabBarViewController.swift */,
				CB0EF2021E2E98E800BE33AD /* SearchViewController.swift */,
				CB0EF2181E32BB6D00BE33AD /* DownloadVC.swift */,
				CB0EF2241E3696A400BE33AD /* DirVC.swift */,
				CB0EF22C1E36E3AF00BE33AD /* MediaListVC.swift */,
				CB0EF22E1E39C0EE00BE33AD /* PlayerController.swift */,
				CBAB4CC41E3FAC6F00455729 /* PlaylistModalVC.swift */,
				CB4521F01E441A15004ED96B /* CustomAVPlayerVC.swift */,
				CB64E9401E44631300328290 /* CustomTableVC.swift */,
				CB2CDE721E5B930F005FA558 /* FavoriteVC.swift */,
			);
			name = Controller;
			sourceTree = "<group>";
		};
		CB0EF2001E2E979F00BE33AD /* Utilities */ = {
			isa = PBXGroup;
			children = (
				CB0EF1CD1E2D9EB400BE33AD /* AppDelegate.swift */,
				CB0EF20C1E2F018D00BE33AD /* ApiService.swift */,
			);
			name = Utilities;
			sourceTree = "<group>";
		};
		CB0EF2011E2E97A800BE33AD /* Resources */ = {
			isa = PBXGroup;
			children = (
				CB0EF1D41E2D9EB400BE33AD /* Assets.xcassets */,
				CB0EF1D91E2D9EB400BE33AD /* Info.plist */,
				CB0EF2101E2F0D0000BE33AD /* Constants.swift */,
			);
			name = Resources;
			sourceTree = "<group>";
		};
		CB2CDE231E598C7D005FA558 /* Frameworks */ = {
			isa = PBXGroup;
			children = (
				CB2CDE241E598C7D005FA558 /* NotificationCenter.framework */,
			);
			name = Frameworks;
			sourceTree = "<group>";
		};
		CB2CDE261E598C7D005FA558 /* Muzic Widget */ = {
			isa = PBXGroup;
			children = (
				CB2CDE351E599306005FA558 /* Muzic Widget.entitlements */,
				CB2CDE271E598C7D005FA558 /* TodayViewController.swift */,
				CB2CDE291E598C7D005FA558 /* MainInterface.storyboard */,
				CB2CDE2C1E598C7D005FA558 /* Info.plist */,
				CB2CDE391E5994E5005FA558 /* FavoriteCell.swift */,
			);
			path = "Muzic Widget";
			sourceTree = "<group>";
		};
		CB2CDE641E5B8424005FA558 /* Products */ = {
			isa = PBXGroup;
			children = (
				CB2CDE691E5B8425005FA558 /* MuzicFramework.framework */,
				CB2CDE6B1E5B8425005FA558 /* MuzicFrameworkTests.xctest */,
			);
			name = Products;
			sourceTree = "<group>";
		};
/* End PBXGroup section */

/* Begin PBXNativeTarget section */
		CB0EF1C91E2D9EB400BE33AD /* Muzic */ = {
			isa = PBXNativeTarget;
			buildConfigurationList = CB0EF1F21E2D9EB400BE33AD /* Build configuration list for PBXNativeTarget "Muzic" */;
			buildPhases = (
				CB0EF1C61E2D9EB400BE33AD /* Sources */,
				CB0EF1C71E2D9EB400BE33AD /* Frameworks */,
				CB0EF1C81E2D9EB400BE33AD /* Resources */,
				CB2CDE331E598C7D005FA558 /* Embed App Extensions */,
				CB2CDE7D1E5BD0B8005FA558 /* Embed Frameworks */,
			);
			buildRules = (
			);
			dependencies = (
				CB2CDE2E1E598C7D005FA558 /* PBXTargetDependency */,
				CB2CDE7C1E5BD0B8005FA558 /* PBXTargetDependency */,
			);
			name = Muzic;
			productName = Muzic;
			productReference = CB0EF1CA1E2D9EB400BE33AD /* Muzic.app */;
			productType = "com.apple.product-type.application";
		};
		CB0EF1DD1E2D9EB400BE33AD /* MuzicTests */ = {
			isa = PBXNativeTarget;
			buildConfigurationList = CB0EF1F51E2D9EB400BE33AD /* Build configuration list for PBXNativeTarget "MuzicTests" */;
			buildPhases = (
				CB0EF1DA1E2D9EB400BE33AD /* Sources */,
				CB0EF1DB1E2D9EB400BE33AD /* Frameworks */,
				CB0EF1DC1E2D9EB400BE33AD /* Resources */,
			);
			buildRules = (
			);
			dependencies = (
				CB0EF1E01E2D9EB400BE33AD /* PBXTargetDependency */,
			);
			name = MuzicTests;
			productName = MuzicTests;
			productReference = CB0EF1DE1E2D9EB400BE33AD /* MuzicTests.xctest */;
			productType = "com.apple.product-type.bundle.unit-test";
		};
		CB0EF1E81E2D9EB400BE33AD /* MuzicUITests */ = {
			isa = PBXNativeTarget;
			buildConfigurationList = CB0EF1F81E2D9EB400BE33AD /* Build configuration list for PBXNativeTarget "MuzicUITests" */;
			buildPhases = (
				CB0EF1E51E2D9EB400BE33AD /* Sources */,
				CB0EF1E61E2D9EB400BE33AD /* Frameworks */,
				CB0EF1E71E2D9EB400BE33AD /* Resources */,
			);
			buildRules = (
			);
			dependencies = (
				CB0EF1EB1E2D9EB400BE33AD /* PBXTargetDependency */,
			);
			name = MuzicUITests;
			productName = MuzicUITests;
			productReference = CB0EF1E91E2D9EB400BE33AD /* MuzicUITests.xctest */;
			productType = "com.apple.product-type.bundle.ui-testing";
		};
		CB2CDE211E598C7D005FA558 /* Muzic Widget */ = {
			isa = PBXNativeTarget;
			buildConfigurationList = CB2CDE321E598C7D005FA558 /* Build configuration list for PBXNativeTarget "Muzic Widget" */;
			buildPhases = (
				CB2CDE1E1E598C7D005FA558 /* Sources */,
				CB2CDE1F1E598C7D005FA558 /* Frameworks */,
				CB2CDE201E598C7D005FA558 /* Resources */,
			);
			buildRules = (
			);
			dependencies = (
			);
			name = "Muzic Widget";
			productName = "Muzic Widget";
			productReference = CB2CDE221E598C7D005FA558 /* Muzic Widget.appex */;
			productType = "com.apple.product-type.app-extension";
		};
/* End PBXNativeTarget section */

/* Begin PBXProject section */
		CB0EF1C21E2D9EB400BE33AD /* Project object */ = {
			isa = PBXProject;
			attributes = {
				LastSwiftUpdateCheck = 0820;
				LastUpgradeCheck = 0820;
				ORGANIZATIONNAME = "MIV Solution";
				TargetAttributes = {
					CB0EF1C91E2D9EB400BE33AD = {
						CreatedOnToolsVersion = 8.2.1;
						DevelopmentTeam = XP43SN7FM7;
						ProvisioningStyle = Automatic;
						SystemCapabilities = {
							com.apple.ApplicationGroups.iOS = {
								enabled = 1;
							};
							com.apple.BackgroundModes = {
								enabled = 1;
							};
						};
					};
					CB0EF1DD1E2D9EB400BE33AD = {
						CreatedOnToolsVersion = 8.2.1;
						ProvisioningStyle = Automatic;
						TestTargetID = CB0EF1C91E2D9EB400BE33AD;
					};
					CB0EF1E81E2D9EB400BE33AD = {
						CreatedOnToolsVersion = 8.2.1;
						ProvisioningStyle = Automatic;
						TestTargetID = CB0EF1C91E2D9EB400BE33AD;
					};
					CB2CDE211E598C7D005FA558 = {
						CreatedOnToolsVersion = 8.2.1;
						DevelopmentTeam = XP43SN7FM7;
						ProvisioningStyle = Automatic;
						SystemCapabilities = {
							com.apple.ApplicationGroups.iOS = {
								enabled = 1;
							};
						};
					};
				};
			};
			buildConfigurationList = CB0EF1C51E2D9EB400BE33AD /* Build configuration list for PBXProject "Muzic" */;
			compatibilityVersion = "Xcode 3.2";
			developmentRegion = English;
			hasScannedForEncodings = 0;
			knownRegions = (
				en,
				Base,
			);
			mainGroup = CB0EF1C11E2D9EB400BE33AD;
			productRefGroup = CB0EF1CB1E2D9EB400BE33AD /* Products */;
			projectDirPath = "";
			projectReferences = (
				{
					ProductGroup = CB2CDE641E5B8424005FA558 /* Products */;
					ProjectRef = CB2CDE631E5B8424005FA558 /* MuzicFramework.xcodeproj */;
				},
			);
			projectRoot = "";
			targets = (
				CB0EF1C91E2D9EB400BE33AD /* Muzic */,
				CB0EF1DD1E2D9EB400BE33AD /* MuzicTests */,
				CB0EF1E81E2D9EB400BE33AD /* MuzicUITests */,
				CB2CDE211E598C7D005FA558 /* Muzic Widget */,
			);
		};
/* End PBXProject section */

/* Begin PBXReferenceProxy section */
		CB2CDE691E5B8425005FA558 /* MuzicFramework.framework */ = {
			isa = PBXReferenceProxy;
			fileType = wrapper.framework;
			path = MuzicFramework.framework;
			remoteRef = CB2CDE681E5B8425005FA558 /* PBXContainerItemProxy */;
			sourceTree = BUILT_PRODUCTS_DIR;
		};
		CB2CDE6B1E5B8425005FA558 /* MuzicFrameworkTests.xctest */ = {
			isa = PBXReferenceProxy;
			fileType = wrapper.cfbundle;
			path = MuzicFrameworkTests.xctest;
			remoteRef = CB2CDE6A1E5B8425005FA558 /* PBXContainerItemProxy */;
			sourceTree = BUILT_PRODUCTS_DIR;
		};
/* End PBXReferenceProxy section */

/* Begin PBXResourcesBuildPhase section */
		CB0EF1C81E2D9EB400BE33AD /* Resources */ = {
			isa = PBXResourcesBuildPhase;
			buildActionMask = 2147483647;
			files = (
				CB0EF1D81E2D9EB400BE33AD /* LaunchScreen.storyboard in Resources */,
				CB0EF1D51E2D9EB400BE33AD /* Assets.xcassets in Resources */,
			);
			runOnlyForDeploymentPostprocessing = 0;
		};
		CB0EF1DC1E2D9EB400BE33AD /* Resources */ = {
			isa = PBXResourcesBuildPhase;
			buildActionMask = 2147483647;
			files = (
			);
			runOnlyForDeploymentPostprocessing = 0;
		};
		CB0EF1E71E2D9EB400BE33AD /* Resources */ = {
			isa = PBXResourcesBuildPhase;
			buildActionMask = 2147483647;
			files = (
			);
			runOnlyForDeploymentPostprocessing = 0;
		};
		CB2CDE201E598C7D005FA558 /* Resources */ = {
			isa = PBXResourcesBuildPhase;
			buildActionMask = 2147483647;
			files = (
				CB2CDE361E599362005FA558 /* Assets.xcassets in Resources */,
				CB2CDE2B1E598C7D005FA558 /* MainInterface.storyboard in Resources */,
			);
			runOnlyForDeploymentPostprocessing = 0;
		};
/* End PBXResourcesBuildPhase section */

/* Begin PBXSourcesBuildPhase section */
		CB0EF1C61E2D9EB400BE33AD /* Sources */ = {
			isa = PBXSourcesBuildPhase;
			buildActionMask = 2147483647;
			files = (
				CB0EF22D1E36E3AF00BE33AD /* MediaListVC.swift in Sources */,
				CB0EF2251E3696A400BE33AD /* DirVC.swift in Sources */,
				CB2CDE731E5B930F005FA558 /* FavoriteVC.swift in Sources */,
				CB0EF1FC1E2E91B900BE33AD /* TabBarViewController.swift in Sources */,
				CB0EF2191E32BB6D00BE33AD /* DownloadVC.swift in Sources */,
				CB0EF20D1E2F018D00BE33AD /* ApiService.swift in Sources */,
				CB64E9411E44631300328290 /* CustomTableVC.swift in Sources */,
				CB0EF2271E36ABFC00BE33AD /* PlaylistCell.swift in Sources */,
				CB4521F11E441A15004ED96B /* CustomAVPlayerVC.swift in Sources */,
				CB0EF2171E2F52B300BE33AD /* VideoCell.swift in Sources */,
				CB0EF2031E2E98E800BE33AD /* SearchViewController.swift in Sources */,
				CB0EF21F1E331FB600BE33AD /* FileCell.swift in Sources */,
				CB0EF20F1E2F084300BE33AD /* SuggestCell.swift in Sources */,
				CBAB4CC51E3FAC6F00455729 /* PlaylistModalVC.swift in Sources */,
				CB0EF1CE1E2D9EB400BE33AD /* AppDelegate.swift in Sources */,
				CB0EF2111E2F0D0000BE33AD /* Constants.swift in Sources */,
				CB0EF22F1E39C0EE00BE33AD /* PlayerController.swift in Sources */,
			);
			runOnlyForDeploymentPostprocessing = 0;
		};
		CB0EF1DA1E2D9EB400BE33AD /* Sources */ = {
			isa = PBXSourcesBuildPhase;
			buildActionMask = 2147483647;
			files = (
				CB0EF1E31E2D9EB400BE33AD /* MuzicTests.swift in Sources */,
			);
			runOnlyForDeploymentPostprocessing = 0;
		};
		CB0EF1E51E2D9EB400BE33AD /* Sources */ = {
			isa = PBXSourcesBuildPhase;
			buildActionMask = 2147483647;
			files = (
				CB0EF1EE1E2D9EB400BE33AD /* MuzicUITests.swift in Sources */,
			);
			runOnlyForDeploymentPostprocessing = 0;
		};
		CB2CDE1E1E598C7D005FA558 /* Sources */ = {
			isa = PBXSourcesBuildPhase;
			buildActionMask = 2147483647;
			files = (
				CB2CDE3A1E5994E5005FA558 /* FavoriteCell.swift in Sources */,
				CB2CDE281E598C7D005FA558 /* TodayViewController.swift in Sources */,
			);
			runOnlyForDeploymentPostprocessing = 0;
		};
/* End PBXSourcesBuildPhase section */

/* Begin PBXTargetDependency section */
		CB0EF1E01E2D9EB400BE33AD /* PBXTargetDependency */ = {
			isa = PBXTargetDependency;
			target = CB0EF1C91E2D9EB400BE33AD /* Muzic */;
			targetProxy = CB0EF1DF1E2D9EB400BE33AD /* PBXContainerItemProxy */;
		};
		CB0EF1EB1E2D9EB400BE33AD /* PBXTargetDependency */ = {
			isa = PBXTargetDependency;
			target = CB0EF1C91E2D9EB400BE33AD /* Muzic */;
			targetProxy = CB0EF1EA1E2D9EB400BE33AD /* PBXContainerItemProxy */;
		};
		CB2CDE2E1E598C7D005FA558 /* PBXTargetDependency */ = {
			isa = PBXTargetDependency;
			target = CB2CDE211E598C7D005FA558 /* Muzic Widget */;
			targetProxy = CB2CDE2D1E598C7D005FA558 /* PBXContainerItemProxy */;
		};
		CB2CDE7C1E5BD0B8005FA558 /* PBXTargetDependency */ = {
			isa = PBXTargetDependency;
			name = MuzicFramework;
			targetProxy = CB2CDE7B1E5BD0B8005FA558 /* PBXContainerItemProxy */;
		};
/* End PBXTargetDependency section */

/* Begin PBXVariantGroup section */
		CB0EF1D61E2D9EB400BE33AD /* LaunchScreen.storyboard */ = {
			isa = PBXVariantGroup;
			children = (
				CB0EF1D71E2D9EB400BE33AD /* Base */,
			);
			name = LaunchScreen.storyboard;
			sourceTree = "<group>";
		};
		CB2CDE291E598C7D005FA558 /* MainInterface.storyboard */ = {
			isa = PBXVariantGroup;
			children = (
				CB2CDE2A1E598C7D005FA558 /* Base */,
			);
			name = MainInterface.storyboard;
			sourceTree = "<group>";
		};
/* End PBXVariantGroup section */

/* Begin XCBuildConfiguration section */
		CB0EF1F01E2D9EB400BE33AD /* Debug */ = {
			isa = XCBuildConfiguration;
			buildSettings = {
				ALWAYS_SEARCH_USER_PATHS = NO;
				CLANG_ANALYZER_NONNULL = YES;
				CLANG_CXX_LANGUAGE_STANDARD = "gnu++0x";
				CLANG_CXX_LIBRARY = "libc++";
				CLANG_ENABLE_MODULES = YES;
				CLANG_ENABLE_OBJC_ARC = YES;
				CLANG_WARN_BOOL_CONVERSION = YES;
				CLANG_WARN_CONSTANT_CONVERSION = YES;
				CLANG_WARN_DIRECT_OBJC_ISA_USAGE = YES_ERROR;
				CLANG_WARN_DOCUMENTATION_COMMENTS = YES;
				CLANG_WARN_EMPTY_BODY = YES;
				CLANG_WARN_ENUM_CONVERSION = YES;
				CLANG_WARN_INFINITE_RECURSION = YES;
				CLANG_WARN_INT_CONVERSION = YES;
				CLANG_WARN_OBJC_ROOT_CLASS = YES_ERROR;
				CLANG_WARN_SUSPICIOUS_MOVE = YES;
				CLANG_WARN_UNREACHABLE_CODE = YES;
				CLANG_WARN__DUPLICATE_METHOD_MATCH = YES;
				"CODE_SIGN_IDENTITY[sdk=iphoneos*]" = "iPhone Developer";
				COPY_PHASE_STRIP = NO;
				DEBUG_INFORMATION_FORMAT = dwarf;
				ENABLE_STRICT_OBJC_MSGSEND = YES;
				ENABLE_TESTABILITY = YES;
				GCC_C_LANGUAGE_STANDARD = gnu99;
				GCC_DYNAMIC_NO_PIC = NO;
				GCC_NO_COMMON_BLOCKS = YES;
				GCC_OPTIMIZATION_LEVEL = 0;
				GCC_PREPROCESSOR_DEFINITIONS = (
					"DEBUG=1",
					"$(inherited)",
				);
				GCC_WARN_64_TO_32_BIT_CONVERSION = YES;
				GCC_WARN_ABOUT_RETURN_TYPE = YES_ERROR;
				GCC_WARN_UNDECLARED_SELECTOR = YES;
				GCC_WARN_UNINITIALIZED_AUTOS = YES_AGGRESSIVE;
				GCC_WARN_UNUSED_FUNCTION = YES;
				GCC_WARN_UNUSED_VARIABLE = YES;
				IPHONEOS_DEPLOYMENT_TARGET = 10.0;
				MTL_ENABLE_DEBUG_INFO = YES;
				ONLY_ACTIVE_ARCH = YES;
				SDKROOT = iphoneos;
				SWIFT_ACTIVE_COMPILATION_CONDITIONS = DEBUG;
				SWIFT_OPTIMIZATION_LEVEL = "-Onone";
				TARGETED_DEVICE_FAMILY = "1,2";
			};
			name = Debug;
		};
		CB0EF1F11E2D9EB400BE33AD /* Release */ = {
			isa = XCBuildConfiguration;
			buildSettings = {
				ALWAYS_SEARCH_USER_PATHS = NO;
				CLANG_ANALYZER_NONNULL = YES;
				CLANG_CXX_LANGUAGE_STANDARD = "gnu++0x";
				CLANG_CXX_LIBRARY = "libc++";
				CLANG_ENABLE_MODULES = YES;
				CLANG_ENABLE_OBJC_ARC = YES;
				CLANG_WARN_BOOL_CONVERSION = YES;
				CLANG_WARN_CONSTANT_CONVERSION = YES;
				CLANG_WARN_DIRECT_OBJC_ISA_USAGE = YES_ERROR;
				CLANG_WARN_DOCUMENTATION_COMMENTS = YES;
				CLANG_WARN_EMPTY_BODY = YES;
				CLANG_WARN_ENUM_CONVERSION = YES;
				CLANG_WARN_INFINITE_RECURSION = YES;
				CLANG_WARN_INT_CONVERSION = YES;
				CLANG_WARN_OBJC_ROOT_CLASS = YES_ERROR;
				CLANG_WARN_SUSPICIOUS_MOVE = YES;
				CLANG_WARN_UNREACHABLE_CODE = YES;
				CLANG_WARN__DUPLICATE_METHOD_MATCH = YES;
				"CODE_SIGN_IDENTITY[sdk=iphoneos*]" = "iPhone Developer";
				COPY_PHASE_STRIP = NO;
				DEBUG_INFORMATION_FORMAT = "dwarf-with-dsym";
				ENABLE_NS_ASSERTIONS = NO;
				ENABLE_STRICT_OBJC_MSGSEND = YES;
				GCC_C_LANGUAGE_STANDARD = gnu99;
				GCC_NO_COMMON_BLOCKS = YES;
				GCC_WARN_64_TO_32_BIT_CONVERSION = YES;
				GCC_WARN_ABOUT_RETURN_TYPE = YES_ERROR;
				GCC_WARN_UNDECLARED_SELECTOR = YES;
				GCC_WARN_UNINITIALIZED_AUTOS = YES_AGGRESSIVE;
				GCC_WARN_UNUSED_FUNCTION = YES;
				GCC_WARN_UNUSED_VARIABLE = YES;
				IPHONEOS_DEPLOYMENT_TARGET = 10.0;
				MTL_ENABLE_DEBUG_INFO = NO;
				SDKROOT = iphoneos;
				SWIFT_OPTIMIZATION_LEVEL = "-Owholemodule";
				TARGETED_DEVICE_FAMILY = "1,2";
				VALIDATE_PRODUCT = YES;
			};
			name = Release;
		};
		CB0EF1F31E2D9EB400BE33AD /* Debug */ = {
			isa = XCBuildConfiguration;
			buildSettings = {
				ALWAYS_EMBED_SWIFT_STANDARD_LIBRARIES = YES;
				ASSETCATALOG_COMPILER_APPICON_NAME = AppIcon;
				CODE_SIGN_ENTITLEMENTS = Muzic/Muzic.entitlements;
				DEVELOPMENT_TEAM = XP43SN7FM7;
				INFOPLIST_FILE = Muzic/Info.plist;
				IPHONEOS_DEPLOYMENT_TARGET = 9.2;
				LD_RUNPATH_SEARCH_PATHS = "$(inherited) @executable_path/Frameworks";
				PRODUCT_BUNDLE_IDENTIFIER = appdev.Muzic;
				PRODUCT_NAME = "$(TARGET_NAME)";
				SWIFT_VERSION = 3.0;
				TARGETED_DEVICE_FAMILY = 1;
			};
			name = Debug;
		};
		CB0EF1F41E2D9EB400BE33AD /* Release */ = {
			isa = XCBuildConfiguration;
			buildSettings = {
				ALWAYS_EMBED_SWIFT_STANDARD_LIBRARIES = YES;
				ASSETCATALOG_COMPILER_APPICON_NAME = AppIcon;
				CODE_SIGN_ENTITLEMENTS = Muzic/Muzic.entitlements;
				DEVELOPMENT_TEAM = XP43SN7FM7;
				INFOPLIST_FILE = Muzic/Info.plist;
				IPHONEOS_DEPLOYMENT_TARGET = 9.2;
				LD_RUNPATH_SEARCH_PATHS = "$(inherited) @executable_path/Frameworks";
				PRODUCT_BUNDLE_IDENTIFIER = appdev.Muzic;
				PRODUCT_NAME = "$(TARGET_NAME)";
				SWIFT_VERSION = 3.0;
				TARGETED_DEVICE_FAMILY = 1;
			};
			name = Release;
		};
		CB0EF1F61E2D9EB400BE33AD /* Debug */ = {
			isa = XCBuildConfiguration;
			buildSettings = {
				ALWAYS_EMBED_SWIFT_STANDARD_LIBRARIES = YES;
				BUNDLE_LOADER = "$(TEST_HOST)";
				INFOPLIST_FILE = MuzicTests/Info.plist;
				LD_RUNPATH_SEARCH_PATHS = "$(inherited) @executable_path/Frameworks @loader_path/Frameworks";
				PRODUCT_BUNDLE_IDENTIFIER = mivsolution.MuzicTests;
				PRODUCT_NAME = "$(TARGET_NAME)";
				SWIFT_VERSION = 3.0;
				TEST_HOST = "$(BUILT_PRODUCTS_DIR)/Muzic.app/Muzic";
			};
			name = Debug;
		};
		CB0EF1F71E2D9EB400BE33AD /* Release */ = {
			isa = XCBuildConfiguration;
			buildSettings = {
				ALWAYS_EMBED_SWIFT_STANDARD_LIBRARIES = YES;
				BUNDLE_LOADER = "$(TEST_HOST)";
				INFOPLIST_FILE = MuzicTests/Info.plist;
				LD_RUNPATH_SEARCH_PATHS = "$(inherited) @executable_path/Frameworks @loader_path/Frameworks";
				PRODUCT_BUNDLE_IDENTIFIER = mivsolution.MuzicTests;
				PRODUCT_NAME = "$(TARGET_NAME)";
				SWIFT_VERSION = 3.0;
				TEST_HOST = "$(BUILT_PRODUCTS_DIR)/Muzic.app/Muzic";
			};
			name = Release;
		};
		CB0EF1F91E2D9EB400BE33AD /* Debug */ = {
			isa = XCBuildConfiguration;
			buildSettings = {
				ALWAYS_EMBED_SWIFT_STANDARD_LIBRARIES = YES;
				INFOPLIST_FILE = MuzicUITests/Info.plist;
				LD_RUNPATH_SEARCH_PATHS = "$(inherited) @executable_path/Frameworks @loader_path/Frameworks";
				PRODUCT_BUNDLE_IDENTIFIER = mivsolution.MuzicUITests;
				PRODUCT_NAME = "$(TARGET_NAME)";
				SWIFT_VERSION = 3.0;
				TEST_TARGET_NAME = Muzic;
			};
			name = Debug;
		};
		CB0EF1FA1E2D9EB400BE33AD /* Release */ = {
			isa = XCBuildConfiguration;
			buildSettings = {
				ALWAYS_EMBED_SWIFT_STANDARD_LIBRARIES = YES;
				INFOPLIST_FILE = MuzicUITests/Info.plist;
				LD_RUNPATH_SEARCH_PATHS = "$(inherited) @executable_path/Frameworks @loader_path/Frameworks";
				PRODUCT_BUNDLE_IDENTIFIER = mivsolution.MuzicUITests;
				PRODUCT_NAME = "$(TARGET_NAME)";
				SWIFT_VERSION = 3.0;
				TEST_TARGET_NAME = Muzic;
			};
			name = Release;
		};
		CB2CDE301E598C7D005FA558 /* Debug */ = {
			isa = XCBuildConfiguration;
			buildSettings = {
				CODE_SIGN_ENTITLEMENTS = "Muzic Widget/Muzic Widget.entitlements";
				DEVELOPMENT_TEAM = XP43SN7FM7;
				INFOPLIST_FILE = "Muzic Widget/Info.plist";
				IPHONEOS_DEPLOYMENT_TARGET = 10.0;
				LD_RUNPATH_SEARCH_PATHS = "$(inherited) @executable_path/Frameworks @executable_path/../../Frameworks";
				PRODUCT_BUNDLE_IDENTIFIER = "appdev.Muzic.Muzic-Widget";
				PRODUCT_NAME = "$(TARGET_NAME)";
				SKIP_INSTALL = YES;
				SWIFT_VERSION = 3.0;
			};
			name = Debug;
		};
		CB2CDE311E598C7D005FA558 /* Release */ = {
			isa = XCBuildConfiguration;
			buildSettings = {
				CODE_SIGN_ENTITLEMENTS = "Muzic Widget/Muzic Widget.entitlements";
				DEVELOPMENT_TEAM = XP43SN7FM7;
				INFOPLIST_FILE = "Muzic Widget/Info.plist";
				IPHONEOS_DEPLOYMENT_TARGET = 10.0;
				LD_RUNPATH_SEARCH_PATHS = "$(inherited) @executable_path/Frameworks @executable_path/../../Frameworks";
				PRODUCT_BUNDLE_IDENTIFIER = "appdev.Muzic.Muzic-Widget";
				PRODUCT_NAME = "$(TARGET_NAME)";
				SKIP_INSTALL = YES;
				SWIFT_VERSION = 3.0;
			};
			name = Release;
		};
/* End XCBuildConfiguration section */

/* Begin XCConfigurationList section */
		CB0EF1C51E2D9EB400BE33AD /* Build configuration list for PBXProject "Muzic" */ = {
			isa = XCConfigurationList;
			buildConfigurations = (
				CB0EF1F01E2D9EB400BE33AD /* Debug */,
				CB0EF1F11E2D9EB400BE33AD /* Release */,
			);
			defaultConfigurationIsVisible = 0;
			defaultConfigurationName = Release;
		};
		CB0EF1F21E2D9EB400BE33AD /* Build configuration list for PBXNativeTarget "Muzic" */ = {
			isa = XCConfigurationList;
			buildConfigurations = (
				CB0EF1F31E2D9EB400BE33AD /* Debug */,
				CB0EF1F41E2D9EB400BE33AD /* Release */,
			);
			defaultConfigurationIsVisible = 0;
			defaultConfigurationName = Release;
		};
		CB0EF1F51E2D9EB400BE33AD /* Build configuration list for PBXNativeTarget "MuzicTests" */ = {
			isa = XCConfigurationList;
			buildConfigurations = (
				CB0EF1F61E2D9EB400BE33AD /* Debug */,
				CB0EF1F71E2D9EB400BE33AD /* Release */,
			);
			defaultConfigurationIsVisible = 0;
			defaultConfigurationName = Release;
		};
		CB0EF1F81E2D9EB400BE33AD /* Build configuration list for PBXNativeTarget "MuzicUITests" */ = {
			isa = XCConfigurationList;
			buildConfigurations = (
				CB0EF1F91E2D9EB400BE33AD /* Debug */,
				CB0EF1FA1E2D9EB400BE33AD /* Release */,
			);
			defaultConfigurationIsVisible = 0;
			defaultConfigurationName = Release;
		};
		CB2CDE321E598C7D005FA558 /* Build configuration list for PBXNativeTarget "Muzic Widget" */ = {
			isa = XCConfigurationList;
			buildConfigurations = (
				CB2CDE301E598C7D005FA558 /* Debug */,
				CB2CDE311E598C7D005FA558 /* Release */,
			);
			defaultConfigurationIsVisible = 0;
		};
/* End XCConfigurationList section */
	};
	rootObject = CB0EF1C21E2D9EB400BE33AD /* Project object */;
}
